// !$*UTF8*$!
{
	archiveVersion = 1;
	classes = {
	};
	objectVersion = 55;
	objects = {

/* Begin PBXBuildFile section */
		E503CBF528BE8D7600C7D9D7 /* FirebaseAnalytics in Frameworks */ = {isa = PBXBuildFile; productRef = E503CBF428BE8D7600C7D9D7 /* FirebaseAnalytics */; };
		E503CBF728BE8D7600C7D9D7 /* FirebaseCrashlytics in Frameworks */ = {isa = PBXBuildFile; productRef = E503CBF628BE8D7600C7D9D7 /* FirebaseCrashlytics */; };
		E503CBF928BE8E5F00C7D9D7 /* GoogleService-Info.plist in Resources */ = {isa = PBXBuildFile; fileRef = E503CBF828BE8E5F00C7D9D7 /* GoogleService-Info.plist */; };
		E51365ED28DBA58D00319497 /* Localizable.strings in Resources */ = {isa = PBXBuildFile; fileRef = E51365EF28DBA58D00319497 /* Localizable.strings */; };
		E5168E7728BD49CF0052174E /* BoraTodayApp.swift in Sources */ = {isa = PBXBuildFile; fileRef = E5168E7628BD49CF0052174E /* BoraTodayApp.swift */; };
		E5168E7B28BD49D30052174E /* Assets.xcassets in Resources */ = {isa = PBXBuildFile; fileRef = E5168E7A28BD49D30052174E /* Assets.xcassets */; };
		E5168E7E28BD49D30052174E /* Preview Assets.xcassets in Resources */ = {isa = PBXBuildFile; fileRef = E5168E7D28BD49D30052174E /* Preview Assets.xcassets */; };
		E51C131828C27F8000124B6F /* Sentry in Frameworks */ = {isa = PBXBuildFile; productRef = E51C131728C27F8000124B6F /* Sentry */; };
		E535BD6328D8EEDE003131F0 /* BottomMenuView.swift in Sources */ = {isa = PBXBuildFile; fileRef = E535BD6228D8EEDE003131F0 /* BottomMenuView.swift */; };
		E535BD6628D8F13E003131F0 /* SearchView.swift in Sources */ = {isa = PBXBuildFile; fileRef = E535BD6528D8F13E003131F0 /* SearchView.swift */; };
		E535BD6928D8F168003131F0 /* CreateView.swift in Sources */ = {isa = PBXBuildFile; fileRef = E535BD6828D8F168003131F0 /* CreateView.swift */; };
		E569F6F428DA48BA004115CA /* LocationManager.swift in Sources */ = {isa = PBXBuildFile; fileRef = E569F6F328DA48BA004115CA /* LocationManager.swift */; };
		E5711EB628E337C80027A01A /* PlaceModel.swift in Sources */ = {isa = PBXBuildFile; fileRef = E5711EB528E337C80027A01A /* PlaceModel.swift */; };
		E5711EB928E33DFB0027A01A /* PlaceAnnotationView.swift in Sources */ = {isa = PBXBuildFile; fileRef = E5711EB828E33DFB0027A01A /* PlaceAnnotationView.swift */; };
		E5711EBC28E3441B0027A01A /* LanguageEnum.swift in Sources */ = {isa = PBXBuildFile; fileRef = E5711EBB28E3441B0027A01A /* LanguageEnum.swift */; };
		E5711EBF28E344EC0027A01A /* StringLocalizationExtension.swift in Sources */ = {isa = PBXBuildFile; fileRef = E5711EBE28E344EC0027A01A /* StringLocalizationExtension.swift */; };
		E5711EC128E346A00027A01A /* LocalizationManager.swift in Sources */ = {isa = PBXBuildFile; fileRef = E5711EC028E346A00027A01A /* LocalizationManager.swift */; };
		E5711EC428E347620027A01A /* SettingsView.swift in Sources */ = {isa = PBXBuildFile; fileRef = E5711EC328E347620027A01A /* SettingsView.swift */; };
		E581AFA828DB8D8500288B4D /* Figtree.ttf in Resources */ = {isa = PBXBuildFile; fileRef = E581AFA728DB8D8500288B4D /* Figtree.ttf */; };
		E5BD6A6528D3B2740097D9C6 /* HomeView.swift in Sources */ = {isa = PBXBuildFile; fileRef = E5BD6A6428D3B2740097D9C6 /* HomeView.swift */; };
		E5BD6A6928D3B3DB0097D9C6 /* AppHelper.swift in Sources */ = {isa = PBXBuildFile; fileRef = E5BD6A6828D3B3DB0097D9C6 /* AppHelper.swift */; };
		E5C19A8C28E603C800556A80 /* TabItemDataModel.swift in Sources */ = {isa = PBXBuildFile; fileRef = E5C19A8B28E603C800556A80 /* TabItemDataModel.swift */; };
		E5C19A9128E6080300556A80 /* TabItemView.swift in Sources */ = {isa = PBXBuildFile; fileRef = E5C19A9028E6080300556A80 /* TabItemView.swift */; };
		E5C19A9328E627CB00556A80 /* CornerRadiusShapeModel.swift in Sources */ = {isa = PBXBuildFile; fileRef = E5C19A9228E627CB00556A80 /* CornerRadiusShapeModel.swift */; };
		E5C19A9628E6281300556A80 /* CornerRadiusStyleExtension.swift in Sources */ = {isa = PBXBuildFile; fileRef = E5C19A9528E6281300556A80 /* CornerRadiusStyleExtension.swift */; };
		E5C19A9828E6298400556A80 /* TabBottomView.swift in Sources */ = {isa = PBXBuildFile; fileRef = E5C19A9728E6298400556A80 /* TabBottomView.swift */; };
		E5C19A9A28E62A9B00556A80 /* TabTypeEnum.swift in Sources */ = {isa = PBXBuildFile; fileRef = E5C19A9928E62A9B00556A80 /* TabTypeEnum.swift */; };
		E5C19A9C28E62B1800556A80 /* CustomTabView.swift in Sources */ = {isa = PBXBuildFile; fileRef = E5C19A9B28E62B1800556A80 /* CustomTabView.swift */; };
		E5C19A9F28E62DE800556A80 /* AppConfig.swift in Sources */ = {isa = PBXBuildFile; fileRef = E5C19A9E28E62DE800556A80 /* AppConfig.swift */; };
		F4496BEF574AC0C95EECE203 /* Pods_Bora_Today.framework in Frameworks */ = {isa = PBXBuildFile; fileRef = EB4EF8BFF7B58B2C2C48C99D /* Pods_Bora_Today.framework */; };
/* End PBXBuildFile section */

/* Begin PBXFileReference section */
		320CA60A3E816E73A23E3B55 /* Pods-Bora.Today.release.xcconfig */ = {isa = PBXFileReference; includeInIndex = 1; lastKnownFileType = text.xcconfig; name = "Pods-Bora.Today.release.xcconfig"; path = "Target Support Files/Pods-Bora.Today/Pods-Bora.Today.release.xcconfig"; sourceTree = "<group>"; };
		9C876D527B07214A5AE66AB6 /* Pods-Bora.Today.debug.xcconfig */ = {isa = PBXFileReference; includeInIndex = 1; lastKnownFileType = text.xcconfig; name = "Pods-Bora.Today.debug.xcconfig"; path = "Target Support Files/Pods-Bora.Today/Pods-Bora.Today.debug.xcconfig"; sourceTree = "<group>"; };
		E503CBF828BE8E5F00C7D9D7 /* GoogleService-Info.plist */ = {isa = PBXFileReference; fileEncoding = 4; lastKnownFileType = text.plist.xml; path = "GoogleService-Info.plist"; sourceTree = "<group>"; };
		E51365EE28DBA58D00319497 /* en */ = {isa = PBXFileReference; lastKnownFileType = text.plist.strings; name = en; path = en.lproj/Localizable.strings; sourceTree = "<group>"; };
		E51365F028DBA5A100319497 /* pt-BR */ = {isa = PBXFileReference; lastKnownFileType = text.plist.strings; name = "pt-BR"; path = "pt-BR.lproj/Localizable.strings"; sourceTree = "<group>"; };
		E5168E7328BD49CF0052174E /* Bora.Today.app */ = {isa = PBXFileReference; explicitFileType = wrapper.application; includeInIndex = 0; path = Bora.Today.app; sourceTree = BUILT_PRODUCTS_DIR; };
		E5168E7628BD49CF0052174E /* BoraTodayApp.swift */ = {isa = PBXFileReference; lastKnownFileType = sourcecode.swift; path = BoraTodayApp.swift; sourceTree = "<group>"; };
		E5168E7A28BD49D30052174E /* Assets.xcassets */ = {isa = PBXFileReference; lastKnownFileType = folder.assetcatalog; path = Assets.xcassets; sourceTree = "<group>"; };
		E5168E7D28BD49D30052174E /* Preview Assets.xcassets */ = {isa = PBXFileReference; lastKnownFileType = folder.assetcatalog; path = "Preview Assets.xcassets"; sourceTree = "<group>"; };
		E535BD6228D8EEDE003131F0 /* BottomMenuView.swift */ = {isa = PBXFileReference; lastKnownFileType = sourcecode.swift; path = BottomMenuView.swift; sourceTree = "<group>"; };
		E535BD6528D8F13E003131F0 /* SearchView.swift */ = {isa = PBXFileReference; lastKnownFileType = sourcecode.swift; path = SearchView.swift; sourceTree = "<group>"; };
		E535BD6828D8F168003131F0 /* CreateView.swift */ = {isa = PBXFileReference; lastKnownFileType = sourcecode.swift; path = CreateView.swift; sourceTree = "<group>"; };
		E569F6F328DA48BA004115CA /* LocationManager.swift */ = {isa = PBXFileReference; lastKnownFileType = sourcecode.swift; path = LocationManager.swift; sourceTree = "<group>"; };
		E5711EB528E337C80027A01A /* PlaceModel.swift */ = {isa = PBXFileReference; lastKnownFileType = sourcecode.swift; path = PlaceModel.swift; sourceTree = "<group>"; };
		E5711EB828E33DFB0027A01A /* PlaceAnnotationView.swift */ = {isa = PBXFileReference; lastKnownFileType = sourcecode.swift; path = PlaceAnnotationView.swift; sourceTree = "<group>"; };
		E5711EBB28E3441B0027A01A /* LanguageEnum.swift */ = {isa = PBXFileReference; lastKnownFileType = sourcecode.swift; path = LanguageEnum.swift; sourceTree = "<group>"; };
		E5711EBE28E344EC0027A01A /* StringLocalizationExtension.swift */ = {isa = PBXFileReference; lastKnownFileType = sourcecode.swift; path = StringLocalizationExtension.swift; sourceTree = "<group>"; };
		E5711EC028E346A00027A01A /* LocalizationManager.swift */ = {isa = PBXFileReference; lastKnownFileType = sourcecode.swift; path = LocalizationManager.swift; sourceTree = "<group>"; };
		E5711EC328E347620027A01A /* SettingsView.swift */ = {isa = PBXFileReference; lastKnownFileType = sourcecode.swift; path = SettingsView.swift; sourceTree = "<group>"; };
		E581AFA728DB8D8500288B4D /* Figtree.ttf */ = {isa = PBXFileReference; lastKnownFileType = file; path = Figtree.ttf; sourceTree = "<group>"; };
		E581AFA928DB8DC700288B4D /* Bora-Today-Info.plist */ = {isa = PBXFileReference; lastKnownFileType = text.plist; path = "Bora-Today-Info.plist"; sourceTree = SOURCE_ROOT; };
		E5BD6A6428D3B2740097D9C6 /* HomeView.swift */ = {isa = PBXFileReference; lastKnownFileType = sourcecode.swift; path = HomeView.swift; sourceTree = "<group>"; };
		E5BD6A6828D3B3DB0097D9C6 /* AppHelper.swift */ = {isa = PBXFileReference; lastKnownFileType = sourcecode.swift; path = AppHelper.swift; sourceTree = "<group>"; };
		E5C19A8B28E603C800556A80 /* TabItemDataModel.swift */ = {isa = PBXFileReference; lastKnownFileType = sourcecode.swift; path = TabItemDataModel.swift; sourceTree = "<group>"; };
		E5C19A9028E6080300556A80 /* TabItemView.swift */ = {isa = PBXFileReference; lastKnownFileType = sourcecode.swift; path = TabItemView.swift; sourceTree = "<group>"; };
		E5C19A9228E627CB00556A80 /* CornerRadiusShapeModel.swift */ = {isa = PBXFileReference; lastKnownFileType = sourcecode.swift; path = CornerRadiusShapeModel.swift; sourceTree = "<group>"; };
		E5C19A9528E6281300556A80 /* CornerRadiusStyleExtension.swift */ = {isa = PBXFileReference; lastKnownFileType = sourcecode.swift; path = CornerRadiusStyleExtension.swift; sourceTree = "<group>"; };
		E5C19A9728E6298400556A80 /* TabBottomView.swift */ = {isa = PBXFileReference; lastKnownFileType = sourcecode.swift; path = TabBottomView.swift; sourceTree = "<group>"; };
		E5C19A9928E62A9B00556A80 /* TabTypeEnum.swift */ = {isa = PBXFileReference; lastKnownFileType = sourcecode.swift; path = TabTypeEnum.swift; sourceTree = "<group>"; };
		E5C19A9B28E62B1800556A80 /* CustomTabView.swift */ = {isa = PBXFileReference; lastKnownFileType = sourcecode.swift; path = CustomTabView.swift; sourceTree = "<group>"; };
		E5C19A9E28E62DE800556A80 /* AppConfig.swift */ = {isa = PBXFileReference; lastKnownFileType = sourcecode.swift; path = AppConfig.swift; sourceTree = "<group>"; };
		EB4EF8BFF7B58B2C2C48C99D /* Pods_Bora_Today.framework */ = {isa = PBXFileReference; explicitFileType = wrapper.framework; includeInIndex = 0; path = Pods_Bora_Today.framework; sourceTree = BUILT_PRODUCTS_DIR; };
/* End PBXFileReference section */

/* Begin PBXFrameworksBuildPhase section */
		E5168E7028BD49CF0052174E /* Frameworks */ = {
			isa = PBXFrameworksBuildPhase;
			buildActionMask = 2147483647;
			files = (
				E503CBF528BE8D7600C7D9D7 /* FirebaseAnalytics in Frameworks */,
				E503CBF728BE8D7600C7D9D7 /* FirebaseCrashlytics in Frameworks */,
				E51C131828C27F8000124B6F /* Sentry in Frameworks */,
				F4496BEF574AC0C95EECE203 /* Pods_Bora_Today.framework in Frameworks */,
			);
			runOnlyForDeploymentPostprocessing = 0;
		};
/* End PBXFrameworksBuildPhase section */

/* Begin PBXGroup section */
		5D33978267A3F16F7EBF0B32 /* Frameworks */ = {
			isa = PBXGroup;
			children = (
				EB4EF8BFF7B58B2C2C48C99D /* Pods_Bora_Today.framework */,
			);
			name = Frameworks;
			sourceTree = "<group>";
		};
		E51365EA28DBA51D00319497 /* Localization */ = {
			isa = PBXGroup;
			children = (
				E51365EF28DBA58D00319497 /* Localizable.strings */,
			);
			path = Localization;
			sourceTree = "<group>";
		};
		E5168E6A28BD49CF0052174E = {
			isa = PBXGroup;
			children = (
				E5168E7528BD49CF0052174E /* Bora.Today */,
				E5168E7428BD49CF0052174E /* Products */,
				F9245BA0B1FA24767694B63C /* Pods */,
				5D33978267A3F16F7EBF0B32 /* Frameworks */,
			);
			sourceTree = "<group>";
		};
		E5168E7428BD49CF0052174E /* Products */ = {
			isa = PBXGroup;
			children = (
				E5168E7328BD49CF0052174E /* Bora.Today.app */,
			);
			name = Products;
			sourceTree = "<group>";
		};
		E5168E7528BD49CF0052174E /* Bora.Today */ = {
			isa = PBXGroup;
			children = (
				E51365EA28DBA51D00319497 /* Localization */,
				E581AFA528DB8D5C00288B4D /* Assets */,
				E5BD6A6628D3B3C10097D9C6 /* Common */,
				E5BD6A6228D3B2120097D9C6 /* Modules */,
				E503CBF828BE8E5F00C7D9D7 /* GoogleService-Info.plist */,
				E581AFA928DB8DC700288B4D /* Bora-Today-Info.plist */,
				E5168E7628BD49CF0052174E /* BoraTodayApp.swift */,
				E5168E7A28BD49D30052174E /* Assets.xcassets */,
				E5168E7C28BD49D30052174E /* Preview Content */,
			);
			path = Bora.Today;
			sourceTree = "<group>";
		};
		E5168E7C28BD49D30052174E /* Preview Content */ = {
			isa = PBXGroup;
			children = (
				E5168E7D28BD49D30052174E /* Preview Assets.xcassets */,
			);
			path = "Preview Content";
			sourceTree = "<group>";
		};
		E535BD6128D8EEC5003131F0 /* Bottom Menu */ = {
			isa = PBXGroup;
			children = (
				E5C19A8F28E607F000556A80 /* Components */,
				E535BD6228D8EEDE003131F0 /* BottomMenuView.swift */,
			);
			path = "Bottom Menu";
			sourceTree = "<group>";
		};
		E535BD6428D8F129003131F0 /* Search */ = {
			isa = PBXGroup;
			children = (
				E535BD6528D8F13E003131F0 /* SearchView.swift */,
			);
			path = Search;
			sourceTree = "<group>";
		};
		E535BD6728D8F159003131F0 /* Create */ = {
			isa = PBXGroup;
			children = (
				E535BD6828D8F168003131F0 /* CreateView.swift */,
			);
			path = Create;
			sourceTree = "<group>";
		};
		E569F6EF28DA47C9004115CA /* Models */ = {
			isa = PBXGroup;
			children = (
				E5711EB528E337C80027A01A /* PlaceModel.swift */,
				E5C19A8B28E603C800556A80 /* TabItemDataModel.swift */,
				E5C19A9228E627CB00556A80 /* CornerRadiusShapeModel.swift */,
			);
			path = Models;
			sourceTree = "<group>";
		};
		E569F6F228DA48A8004115CA /* Managers */ = {
			isa = PBXGroup;
			children = (
				E569F6F328DA48BA004115CA /* LocationManager.swift */,
				E5711EC028E346A00027A01A /* LocalizationManager.swift */,
			);
			path = Managers;
			sourceTree = "<group>";
		};
		E5711EB728E33DE60027A01A /* Components */ = {
			isa = PBXGroup;
			children = (
				E5711EB828E33DFB0027A01A /* PlaceAnnotationView.swift */,
			);
			path = Components;
			sourceTree = "<group>";
		};
		E5711EBA28E344070027A01A /* Enums */ = {
			isa = PBXGroup;
			children = (
				E5711EBB28E3441B0027A01A /* LanguageEnum.swift */,
				E5C19A9928E62A9B00556A80 /* TabTypeEnum.swift */,
			);
			path = Enums;
			sourceTree = "<group>";
		};
		E5711EBD28E344CB0027A01A /* Extensions */ = {
			isa = PBXGroup;
			children = (
				E5C19A9528E6281300556A80 /* CornerRadiusStyleExtension.swift */,
				E5711EBE28E344EC0027A01A /* StringLocalizationExtension.swift */,
			);
			path = Extensions;
			sourceTree = "<group>";
		};
		E5711EC228E3472A0027A01A /* Settings */ = {
			isa = PBXGroup;
			children = (
				E5711EC328E347620027A01A /* SettingsView.swift */,
			);
			path = Settings;
			sourceTree = "<group>";
		};
		E581AFA528DB8D5C00288B4D /* Assets */ = {
			isa = PBXGroup;
			children = (
				E581AFA628DB8D6300288B4D /* Fonts */,
			);
			path = Assets;
			sourceTree = "<group>";
		};
		E581AFA628DB8D6300288B4D /* Fonts */ = {
			isa = PBXGroup;
			children = (
				E581AFA728DB8D8500288B4D /* Figtree.ttf */,
			);
			path = Fonts;
			sourceTree = "<group>";
		};
		E5BD6A6228D3B2120097D9C6 /* Modules */ = {
			isa = PBXGroup;
			children = (
				E535BD6128D8EEC5003131F0 /* Bottom Menu */,
				E5BD6A6328D3B2610097D9C6 /* Home */,
				E535BD6728D8F159003131F0 /* Create */,
				E535BD6428D8F129003131F0 /* Search */,
				E5711EC228E3472A0027A01A /* Settings */,
			);
			path = Modules;
			sourceTree = "<group>";
		};
		E5BD6A6328D3B2610097D9C6 /* Home */ = {
			isa = PBXGroup;
			children = (
				E5711EB728E33DE60027A01A /* Components */,
				E5BD6A6428D3B2740097D9C6 /* HomeView.swift */,
			);
			path = Home;
			sourceTree = "<group>";
		};
		E5BD6A6628D3B3C10097D9C6 /* Common */ = {
			isa = PBXGroup;
			children = (
				E5C19A9D28E62DCE00556A80 /* Configs */,
				E5711EBD28E344CB0027A01A /* Extensions */,
				E5711EBA28E344070027A01A /* Enums */,
				E569F6F228DA48A8004115CA /* Managers */,
				E569F6EF28DA47C9004115CA /* Models */,
				E5BD6A6728D3B3CA0097D9C6 /* Helpers */,
			);
			path = Common;
			sourceTree = "<group>";
		};
		E5BD6A6728D3B3CA0097D9C6 /* Helpers */ = {
			isa = PBXGroup;
			children = (
				E5BD6A6828D3B3DB0097D9C6 /* AppHelper.swift */,
			);
			path = Helpers;
			sourceTree = "<group>";
		};
		E5C19A8F28E607F000556A80 /* Components */ = {
			isa = PBXGroup;
			children = (
				E5C19A9028E6080300556A80 /* TabItemView.swift */,
				E5C19A9728E6298400556A80 /* TabBottomView.swift */,
				E5C19A9B28E62B1800556A80 /* CustomTabView.swift */,
			);
			path = Components;
			sourceTree = "<group>";
		};
		E5C19A9D28E62DCE00556A80 /* Configs */ = {
			isa = PBXGroup;
			children = (
				E5C19A9E28E62DE800556A80 /* AppConfig.swift */,
			);
			path = Configs;
			sourceTree = "<group>";
		};
		F9245BA0B1FA24767694B63C /* Pods */ = {
			isa = PBXGroup;
			children = (
				9C876D527B07214A5AE66AB6 /* Pods-Bora.Today.debug.xcconfig */,
				320CA60A3E816E73A23E3B55 /* Pods-Bora.Today.release.xcconfig */,
			);
			path = Pods;
			sourceTree = "<group>";
		};
/* End PBXGroup section */

/* Begin PBXNativeTarget section */
		E5168E7228BD49CF0052174E /* Bora.Today */ = {
			isa = PBXNativeTarget;
			buildConfigurationList = E5168E8128BD49D30052174E /* Build configuration list for PBXNativeTarget "Bora.Today" */;
			buildPhases = (
				DC0D10121C598077C25B1571 /* [CP] Check Pods Manifest.lock */,
				E5168E6F28BD49CF0052174E /* Sources */,
				E5168E7028BD49CF0052174E /* Frameworks */,
				E5168E7128BD49CF0052174E /* Resources */,
				E51C131928C2897800124B6F /* ShellScript */,
				303A3641590A2BE1AB1F3617 /* [CP] Embed Pods Frameworks */,
			);
			buildRules = (
			);
			dependencies = (
			);
			name = Bora.Today;
			packageProductDependencies = (
				E503CBF428BE8D7600C7D9D7 /* FirebaseAnalytics */,
				E503CBF628BE8D7600C7D9D7 /* FirebaseCrashlytics */,
				E51C131728C27F8000124B6F /* Sentry */,
			);
			productName = Bora.Today;
			productReference = E5168E7328BD49CF0052174E /* Bora.Today.app */;
			productType = "com.apple.product-type.application";
		};
/* End PBXNativeTarget section */

/* Begin PBXProject section */
		E5168E6B28BD49CF0052174E /* Project object */ = {
			isa = PBXProject;
			attributes = {
				BuildIndependentTargetsInParallel = 1;
				LastSwiftUpdateCheck = 1340;
				LastUpgradeCheck = 1340;
				TargetAttributes = {
					E5168E7228BD49CF0052174E = {
						CreatedOnToolsVersion = 13.4.1;
					};
				};
			};
			buildConfigurationList = E5168E6E28BD49CF0052174E /* Build configuration list for PBXProject "Bora.Today" */;
			compatibilityVersion = "Xcode 13.0";
			developmentRegion = en;
			hasScannedForEncodings = 0;
			knownRegions = (
				en,
				Base,
				"pt-BR",
			);
			mainGroup = E5168E6A28BD49CF0052174E;
			packageReferences = (
				E503CBF328BE8D7600C7D9D7 /* XCRemoteSwiftPackageReference "firebase-ios-sdk" */,
				E51C131628C27F8000124B6F /* XCRemoteSwiftPackageReference "sentry-cocoa" */,
			);
			productRefGroup = E5168E7428BD49CF0052174E /* Products */;
			projectDirPath = "";
			projectRoot = "";
			targets = (
				E5168E7228BD49CF0052174E /* Bora.Today */,
			);
		};
/* End PBXProject section */

/* Begin PBXResourcesBuildPhase section */
		E5168E7128BD49CF0052174E /* Resources */ = {
			isa = PBXResourcesBuildPhase;
			buildActionMask = 2147483647;
			files = (
				E51365ED28DBA58D00319497 /* Localizable.strings in Resources */,
				E5168E7E28BD49D30052174E /* Preview Assets.xcassets in Resources */,
				E5168E7B28BD49D30052174E /* Assets.xcassets in Resources */,
				E581AFA828DB8D8500288B4D /* Figtree.ttf in Resources */,
				E503CBF928BE8E5F00C7D9D7 /* GoogleService-Info.plist in Resources */,
			);
			runOnlyForDeploymentPostprocessing = 0;
		};
/* End PBXResourcesBuildPhase section */

/* Begin PBXShellScriptBuildPhase section */
		303A3641590A2BE1AB1F3617 /* [CP] Embed Pods Frameworks */ = {
			isa = PBXShellScriptBuildPhase;
			buildActionMask = 2147483647;
			files = (
			);
			inputFileListPaths = (
				"${PODS_ROOT}/Target Support Files/Pods-Bora.Today/Pods-Bora.Today-frameworks-${CONFIGURATION}-input-files.xcfilelist",
			);
			name = "[CP] Embed Pods Frameworks";
			outputFileListPaths = (
				"${PODS_ROOT}/Target Support Files/Pods-Bora.Today/Pods-Bora.Today-frameworks-${CONFIGURATION}-output-files.xcfilelist",
			);
			runOnlyForDeploymentPostprocessing = 0;
			shellPath = /bin/sh;
			shellScript = "\"${PODS_ROOT}/Target Support Files/Pods-Bora.Today/Pods-Bora.Today-frameworks.sh\"\n";
			showEnvVarsInLog = 0;
		};
		DC0D10121C598077C25B1571 /* [CP] Check Pods Manifest.lock */ = {
			isa = PBXShellScriptBuildPhase;
			buildActionMask = 2147483647;
			files = (
			);
			inputFileListPaths = (
			);
			inputPaths = (
				"${PODS_PODFILE_DIR_PATH}/Podfile.lock",
				"${PODS_ROOT}/Manifest.lock",
			);
			name = "[CP] Check Pods Manifest.lock";
			outputFileListPaths = (
			);
			outputPaths = (
				"$(DERIVED_FILE_DIR)/Pods-Bora.Today-checkManifestLockResult.txt",
			);
			runOnlyForDeploymentPostprocessing = 0;
			shellPath = /bin/sh;
			shellScript = "diff \"${PODS_PODFILE_DIR_PATH}/Podfile.lock\" \"${PODS_ROOT}/Manifest.lock\" > /dev/null\nif [ $? != 0 ] ; then\n    # print error to STDERR\n    echo \"error: The sandbox is not in sync with the Podfile.lock. Run 'pod install' or update your CocoaPods installation.\" >&2\n    exit 1\nfi\n# This output is used by Xcode 'outputs' to avoid re-running this script phase.\necho \"SUCCESS\" > \"${SCRIPT_OUTPUT_FILE_0}\"\n";
			showEnvVarsInLog = 0;
		};
		E51C131928C2897800124B6F /* ShellScript */ = {
			isa = PBXShellScriptBuildPhase;
			buildActionMask = 2147483647;
			files = (
			);
			inputFileListPaths = (
			);
			inputPaths = (
				"${DWARF_DSYM_FOLDER_PATH}/${DWARF_DSYM_FILE_NAME}/Contents/Resources/DWARF/${TARGET_NAME}",
			);
			outputFileListPaths = (
			);
			outputPaths = (
			);
			runOnlyForDeploymentPostprocessing = 0;
			shellPath = /bin/sh;
			shellScript = "if which sentry-cli >/dev/null; then\nexport SENTRY_ORG=sthefanny-gonzaga\nexport SENTRY_PROJECT=bora_today\nexport SENTRY_AUTH_TOKEN=f802e997b39c41b49543eb93550cbb2ecd0de934391e4b63ba2d3343e5bb4eab\nERROR=$(sentry-cli upload-dif \"$DWARF_DSYM_FOLDER_PATH\" 2>&1 >/dev/null)\nif [ ! $? -eq 0 ]; then\necho \"warning: sentry-cli - $ERROR\"\nfi\nelse\necho \"warning: sentry-cli not installed, download from https://github.com/getsentry/sentry-cli/releases\"\nfi\n";
		};
/* End PBXShellScriptBuildPhase section */

/* Begin PBXSourcesBuildPhase section */
		E5168E6F28BD49CF0052174E /* Sources */ = {
			isa = PBXSourcesBuildPhase;
			buildActionMask = 2147483647;
			files = (
				E535BD6628D8F13E003131F0 /* SearchView.swift in Sources */,
				E5711EB628E337C80027A01A /* PlaceModel.swift in Sources */,
				E5C19A9628E6281300556A80 /* CornerRadiusStyleExtension.swift in Sources */,
				E5C19A9F28E62DE800556A80 /* AppConfig.swift in Sources */,
				E5C19A9A28E62A9B00556A80 /* TabTypeEnum.swift in Sources */,
				E5C19A8C28E603C800556A80 /* TabItemDataModel.swift in Sources */,
				E5C19A9128E6080300556A80 /* TabItemView.swift in Sources */,
				E5711EB928E33DFB0027A01A /* PlaceAnnotationView.swift in Sources */,
				E5C19A9C28E62B1800556A80 /* CustomTabView.swift in Sources */,
				E535BD6328D8EEDE003131F0 /* BottomMenuView.swift in Sources */,
				E5711EC128E346A00027A01A /* LocalizationManager.swift in Sources */,
				E5711EBF28E344EC0027A01A /* StringLocalizationExtension.swift in Sources */,
				E5711EBC28E3441B0027A01A /* LanguageEnum.swift in Sources */,
				E5BD6A6528D3B2740097D9C6 /* HomeView.swift in Sources */,
				E5C19A9328E627CB00556A80 /* CornerRadiusShapeModel.swift in Sources */,
				E5168E7728BD49CF0052174E /* BoraTodayApp.swift in Sources */,
				E5C19A9828E6298400556A80 /* TabBottomView.swift in Sources */,
				E569F6F428DA48BA004115CA /* LocationManager.swift in Sources */,
				E535BD6928D8F168003131F0 /* CreateView.swift in Sources */,
				E5BD6A6928D3B3DB0097D9C6 /* AppHelper.swift in Sources */,
				E5711EC428E347620027A01A /* SettingsView.swift in Sources */,
			);
			runOnlyForDeploymentPostprocessing = 0;
		};
/* End PBXSourcesBuildPhase section */

/* Begin PBXVariantGroup section */
		E51365EF28DBA58D00319497 /* Localizable.strings */ = {
			isa = PBXVariantGroup;
			children = (
				E51365EE28DBA58D00319497 /* en */,
				E51365F028DBA5A100319497 /* pt-BR */,
			);
			name = Localizable.strings;
			sourceTree = "<group>";
		};
/* End PBXVariantGroup section */

/* Begin XCBuildConfiguration section */
		E5168E7F28BD49D30052174E /* Debug */ = {
			isa = XCBuildConfiguration;
			buildSettings = {
				ALWAYS_SEARCH_USER_PATHS = NO;
				CLANG_ANALYZER_NONNULL = YES;
				CLANG_ANALYZER_NUMBER_OBJECT_CONVERSION = YES_AGGRESSIVE;
				CLANG_CXX_LANGUAGE_STANDARD = "gnu++17";
				CLANG_ENABLE_MODULES = YES;
				CLANG_ENABLE_OBJC_ARC = YES;
				CLANG_ENABLE_OBJC_WEAK = YES;
				CLANG_WARN_BLOCK_CAPTURE_AUTORELEASING = YES;
				CLANG_WARN_BOOL_CONVERSION = YES;
				CLANG_WARN_COMMA = YES;
				CLANG_WARN_CONSTANT_CONVERSION = YES;
				CLANG_WARN_DEPRECATED_OBJC_IMPLEMENTATIONS = YES;
				CLANG_WARN_DIRECT_OBJC_ISA_USAGE = YES_ERROR;
				CLANG_WARN_DOCUMENTATION_COMMENTS = YES;
				CLANG_WARN_EMPTY_BODY = YES;
				CLANG_WARN_ENUM_CONVERSION = YES;
				CLANG_WARN_INFINITE_RECURSION = YES;
				CLANG_WARN_INT_CONVERSION = YES;
				CLANG_WARN_NON_LITERAL_NULL_CONVERSION = YES;
				CLANG_WARN_OBJC_IMPLICIT_RETAIN_SELF = YES;
				CLANG_WARN_OBJC_LITERAL_CONVERSION = YES;
				CLANG_WARN_OBJC_ROOT_CLASS = YES_ERROR;
				CLANG_WARN_QUOTED_INCLUDE_IN_FRAMEWORK_HEADER = YES;
				CLANG_WARN_RANGE_LOOP_ANALYSIS = YES;
				CLANG_WARN_STRICT_PROTOTYPES = YES;
				CLANG_WARN_SUSPICIOUS_MOVE = YES;
				CLANG_WARN_UNGUARDED_AVAILABILITY = YES_AGGRESSIVE;
				CLANG_WARN_UNREACHABLE_CODE = YES;
				CLANG_WARN__DUPLICATE_METHOD_MATCH = YES;
				COPY_PHASE_STRIP = NO;
				DEBUG_INFORMATION_FORMAT = dwarf;
				ENABLE_STRICT_OBJC_MSGSEND = YES;
				ENABLE_TESTABILITY = YES;
				GCC_C_LANGUAGE_STANDARD = gnu11;
				GCC_DYNAMIC_NO_PIC = NO;
				GCC_NO_COMMON_BLOCKS = YES;
				GCC_OPTIMIZATION_LEVEL = 0;
				GCC_PREPROCESSOR_DEFINITIONS = (
					"DEBUG=1",
					"$(inherited)",
				);
				GCC_WARN_64_TO_32_BIT_CONVERSION = YES;
				GCC_WARN_ABOUT_RETURN_TYPE = YES_ERROR;
				GCC_WARN_UNDECLARED_SELECTOR = YES;
				GCC_WARN_UNINITIALIZED_AUTOS = YES_AGGRESSIVE;
				GCC_WARN_UNUSED_FUNCTION = YES;
				GCC_WARN_UNUSED_VARIABLE = YES;
				IPHONEOS_DEPLOYMENT_TARGET = 15.5;
				MTL_ENABLE_DEBUG_INFO = INCLUDE_SOURCE;
				MTL_FAST_MATH = YES;
				ONLY_ACTIVE_ARCH = YES;
				SDKROOT = iphoneos;
				SWIFT_ACTIVE_COMPILATION_CONDITIONS = DEBUG;
				SWIFT_OPTIMIZATION_LEVEL = "-Onone";
			};
			name = Debug;
		};
		E5168E8028BD49D30052174E /* Release */ = {
			isa = XCBuildConfiguration;
			buildSettings = {
				ALWAYS_SEARCH_USER_PATHS = NO;
				CLANG_ANALYZER_NONNULL = YES;
				CLANG_ANALYZER_NUMBER_OBJECT_CONVERSION = YES_AGGRESSIVE;
				CLANG_CXX_LANGUAGE_STANDARD = "gnu++17";
				CLANG_ENABLE_MODULES = YES;
				CLANG_ENABLE_OBJC_ARC = YES;
				CLANG_ENABLE_OBJC_WEAK = YES;
				CLANG_WARN_BLOCK_CAPTURE_AUTORELEASING = YES;
				CLANG_WARN_BOOL_CONVERSION = YES;
				CLANG_WARN_COMMA = YES;
				CLANG_WARN_CONSTANT_CONVERSION = YES;
				CLANG_WARN_DEPRECATED_OBJC_IMPLEMENTATIONS = YES;
				CLANG_WARN_DIRECT_OBJC_ISA_USAGE = YES_ERROR;
				CLANG_WARN_DOCUMENTATION_COMMENTS = YES;
				CLANG_WARN_EMPTY_BODY = YES;
				CLANG_WARN_ENUM_CONVERSION = YES;
				CLANG_WARN_INFINITE_RECURSION = YES;
				CLANG_WARN_INT_CONVERSION = YES;
				CLANG_WARN_NON_LITERAL_NULL_CONVERSION = YES;
				CLANG_WARN_OBJC_IMPLICIT_RETAIN_SELF = YES;
				CLANG_WARN_OBJC_LITERAL_CONVERSION = YES;
				CLANG_WARN_OBJC_ROOT_CLASS = YES_ERROR;
				CLANG_WARN_QUOTED_INCLUDE_IN_FRAMEWORK_HEADER = YES;
				CLANG_WARN_RANGE_LOOP_ANALYSIS = YES;
				CLANG_WARN_STRICT_PROTOTYPES = YES;
				CLANG_WARN_SUSPICIOUS_MOVE = YES;
				CLANG_WARN_UNGUARDED_AVAILABILITY = YES_AGGRESSIVE;
				CLANG_WARN_UNREACHABLE_CODE = YES;
				CLANG_WARN__DUPLICATE_METHOD_MATCH = YES;
				COPY_PHASE_STRIP = NO;
				DEBUG_INFORMATION_FORMAT = "dwarf-with-dsym";
				ENABLE_NS_ASSERTIONS = NO;
				ENABLE_STRICT_OBJC_MSGSEND = YES;
				GCC_C_LANGUAGE_STANDARD = gnu11;
				GCC_NO_COMMON_BLOCKS = YES;
				GCC_WARN_64_TO_32_BIT_CONVERSION = YES;
				GCC_WARN_ABOUT_RETURN_TYPE = YES_ERROR;
				GCC_WARN_UNDECLARED_SELECTOR = YES;
				GCC_WARN_UNINITIALIZED_AUTOS = YES_AGGRESSIVE;
				GCC_WARN_UNUSED_FUNCTION = YES;
				GCC_WARN_UNUSED_VARIABLE = YES;
				IPHONEOS_DEPLOYMENT_TARGET = 15.5;
				MTL_ENABLE_DEBUG_INFO = NO;
				MTL_FAST_MATH = YES;
				SDKROOT = iphoneos;
				SWIFT_COMPILATION_MODE = wholemodule;
				SWIFT_OPTIMIZATION_LEVEL = "-O";
				VALIDATE_PRODUCT = YES;
			};
			name = Release;
		};
		E5168E8228BD49D30052174E /* Debug */ = {
			isa = XCBuildConfiguration;
			baseConfigurationReference = 9C876D527B07214A5AE66AB6 /* Pods-Bora.Today.debug.xcconfig */;
			buildSettings = {
				ASSETCATALOG_COMPILER_APPICON_NAME = AppIcon;
				ASSETCATALOG_COMPILER_GLOBAL_ACCENT_COLOR_NAME = AccentColor;
				CODE_SIGN_IDENTITY = "Apple Development";
				CODE_SIGN_STYLE = Automatic;
				CURRENT_PROJECT_VERSION = 1;
				DEBUG_INFORMATION_FORMAT = "dwarf-with-dsym";
				DEVELOPMENT_ASSET_PATHS = "\"Bora.Today/Preview Content\"";
				DEVELOPMENT_TEAM = H7R4J57657;
				ENABLE_PREVIEWS = YES;
				GENERATE_INFOPLIST_FILE = YES;
				INFOPLIST_FILE = "Bora-Today-Info.plist";
				INFOPLIST_KEY_NSLocationAlwaysAndWhenInUseUsageDescription = "We need access to your location to show you relevant events. With \"Always\" we'll also send you nice notifications.";
				INFOPLIST_KEY_NSLocationAlwaysUsageDescription = "We need access to your location to show you relevant events. With \"Always\" we'll also send you nice notifications.";
				INFOPLIST_KEY_NSLocationWhenInUseUsageDescription = "We need access to your location to show you relevant events.";
				INFOPLIST_KEY_UIApplicationSceneManifest_Generation = YES;
				INFOPLIST_KEY_UIApplicationSupportsIndirectInputEvents = YES;
				INFOPLIST_KEY_UILaunchScreen_Generation = YES;
				INFOPLIST_KEY_UISupportedInterfaceOrientations_iPad = UIInterfaceOrientationPortrait;
				INFOPLIST_KEY_UISupportedInterfaceOrientations_iPhone = UIInterfaceOrientationPortrait;
				IPHONEOS_DEPLOYMENT_TARGET = 15.4;
				LD_RUNPATH_SEARCH_PATHS = (
					"$(inherited)",
					"@executable_path/Frameworks",
				);
				MARKETING_VERSION = 1.0;
				PRODUCT_BUNDLE_IDENTIFIER = "com.sthefanny.Bora-Today";
				PRODUCT_NAME = "$(TARGET_NAME)";
				PROVISIONING_PROFILE_SPECIFIER = "";
				SWIFT_EMIT_LOC_STRINGS = YES;
				SWIFT_VERSION = 5.0;
				TARGETED_DEVICE_FAMILY = "1,2";
			};
			name = Debug;
		};
		E5168E8328BD49D30052174E /* Release */ = {
			isa = XCBuildConfiguration;
			baseConfigurationReference = 320CA60A3E816E73A23E3B55 /* Pods-Bora.Today.release.xcconfig */;
			buildSettings = {
				ASSETCATALOG_COMPILER_APPICON_NAME = AppIcon;
				ASSETCATALOG_COMPILER_GLOBAL_ACCENT_COLOR_NAME = AccentColor;
				CODE_SIGN_IDENTITY = "Apple Development";
				CODE_SIGN_STYLE = Automatic;
				CURRENT_PROJECT_VERSION = 1;
				DEVELOPMENT_ASSET_PATHS = "\"Bora.Today/Preview Content\"";
				DEVELOPMENT_TEAM = H7R4J57657;
				ENABLE_PREVIEWS = YES;
				GENERATE_INFOPLIST_FILE = YES;
				INFOPLIST_FILE = "Bora-Today-Info.plist";
				INFOPLIST_KEY_NSLocationAlwaysAndWhenInUseUsageDescription = "We need access to your location to show you relevant events. With \"Always\" we'll also send you nice notifications.";
				INFOPLIST_KEY_NSLocationAlwaysUsageDescription = "We need access to your location to show you relevant events. With \"Always\" we'll also send you nice notifications.";
				INFOPLIST_KEY_NSLocationWhenInUseUsageDescription = "We need access to your location to show you relevant events.";
				INFOPLIST_KEY_UIApplicationSceneManifest_Generation = YES;
				INFOPLIST_KEY_UIApplicationSupportsIndirectInputEvents = YES;
				INFOPLIST_KEY_UILaunchScreen_Generation = YES;
				INFOPLIST_KEY_UISupportedInterfaceOrientations_iPad = UIInterfaceOrientationPortrait;
				INFOPLIST_KEY_UISupportedInterfaceOrientations_iPhone = UIInterfaceOrientationPortrait;
				IPHONEOS_DEPLOYMENT_TARGET = 15.4;
				LD_RUNPATH_SEARCH_PATHS = (
					"$(inherited)",
					"@executable_path/Frameworks",
				);
				MARKETING_VERSION = 1.0;
				PRODUCT_BUNDLE_IDENTIFIER = "com.sthefanny.Bora-Today";
				PRODUCT_NAME = "$(TARGET_NAME)";
				PROVISIONING_PROFILE_SPECIFIER = "";
				SWIFT_EMIT_LOC_STRINGS = YES;
				SWIFT_VERSION = 5.0;
				TARGETED_DEVICE_FAMILY = "1,2";
			};
			name = Release;
		};
/* End XCBuildConfiguration section */

/* Begin XCConfigurationList section */
		E5168E6E28BD49CF0052174E /* Build configuration list for PBXProject "Bora.Today" */ = {
			isa = XCConfigurationList;
			buildConfigurations = (
				E5168E7F28BD49D30052174E /* Debug */,
				E5168E8028BD49D30052174E /* Release */,
			);
			defaultConfigurationIsVisible = 0;
			defaultConfigurationName = Release;
		};
		E5168E8128BD49D30052174E /* Build configuration list for PBXNativeTarget "Bora.Today" */ = {
			isa = XCConfigurationList;
			buildConfigurations = (
				E5168E8228BD49D30052174E /* Debug */,
				E5168E8328BD49D30052174E /* Release */,
			);
			defaultConfigurationIsVisible = 0;
			defaultConfigurationName = Release;
		};
/* End XCConfigurationList section */

/* Begin XCRemoteSwiftPackageReference section */
		E503CBF328BE8D7600C7D9D7 /* XCRemoteSwiftPackageReference "firebase-ios-sdk" */ = {
			isa = XCRemoteSwiftPackageReference;
			repositoryURL = "https://github.com/firebase/firebase-ios-sdk";
			requirement = {
				branch = master;
				kind = branch;
			};
		};
		E51C131628C27F8000124B6F /* XCRemoteSwiftPackageReference "sentry-cocoa" */ = {
			isa = XCRemoteSwiftPackageReference;
			repositoryURL = "https://github.com/getsentry/sentry-cocoa.git";
			requirement = {
				kind = upToNextMajorVersion;
				minimumVersion = 7.0.0;
			};
		};
/* End XCRemoteSwiftPackageReference section */

/* Begin XCSwiftPackageProductDependency section */
		E503CBF428BE8D7600C7D9D7 /* FirebaseAnalytics */ = {
			isa = XCSwiftPackageProductDependency;
			package = E503CBF328BE8D7600C7D9D7 /* XCRemoteSwiftPackageReference "firebase-ios-sdk" */;
			productName = FirebaseAnalytics;
		};
		E503CBF628BE8D7600C7D9D7 /* FirebaseCrashlytics */ = {
			isa = XCSwiftPackageProductDependency;
			package = E503CBF328BE8D7600C7D9D7 /* XCRemoteSwiftPackageReference "firebase-ios-sdk" */;
			productName = FirebaseCrashlytics;
		};
		E51C131728C27F8000124B6F /* Sentry */ = {
			isa = XCSwiftPackageProductDependency;
			package = E51C131628C27F8000124B6F /* XCRemoteSwiftPackageReference "sentry-cocoa" */;
			productName = Sentry;
		};
/* End XCSwiftPackageProductDependency section */
	};
	rootObject = E5168E6B28BD49CF0052174E /* Project object */;
}
